
Microsoft Visual Studio Solution File, Format Version 12.00
# Visual Studio Version 17
VisualStudioVersion = 17.4.33213.308
MinimumVisualStudioVersion = 10.0.40219.1
Project("{9A19103F-16F7-4668-BE54-9A1E7A4F7556}") = "Day01", "Day01\Day01.csproj", "{2B043DA0-EA56-4071-B9ED-741ECC7168DD}"
EndProject
Project("{9A19103F-16F7-4668-BE54-9A1E7A4F7556}") = "Day02", "Day02\Day02.csproj", "{02DB5A82-7A5D-4157-A850-B6E98E22E0AF}"
EndProject
Project("{9A19103F-16F7-4668-BE54-9A1E7A4F7556}") = "Day03", "Day03\Day03.csproj", "{0D3A293D-B532-41D8-80EC-2E00C8C3DD42}"
EndProject
Project("{9A19103F-16F7-4668-BE54-9A1E7A4F7556}") = "Day04", "Day04\Day04.csproj", "{2E82F579-6D8B-4901-AD4A-8D5015F8A7FE}"
EndProject
Project("{9A19103F-16F7-4668-BE54-9A1E7A4F7556}") = "Day05", "Day05\Day05.csproj", "{5BE21460-3103-413C-858D-37276B62B32A}"
EndProject
Project("{9A19103F-16F7-4668-BE54-9A1E7A4F7556}") = "Day06", "Day06\Day06.csproj", "{9592008E-A576-407F-A7E3-E30CF1BCD3D7}"
EndProject
Project("{FAE04EC0-301F-11D3-BF4B-00C04F79EFBC}") = "Day07", "Day07\Day07.csproj", "{D25B5164-EE67-449A-B1FA-91F0FB904427}"
EndProject
Project("{FAE04EC0-301F-11D3-BF4B-00C04F79EFBC}") = "Day08", "Day08\Day08.csproj", "{D68D4D53-840C-4D6F-97E6-49C2BE545E93}"
EndProject
Project("{FAE04EC0-301F-11D3-BF4B-00C04F79EFBC}") = "Day09", "Day09\Day09.csproj", "{AFF24F83-1DFA-44D1-964E-A0185FC11BA6}"
EndProject
Project("{FAE04EC0-301F-11D3-BF4B-00C04F79EFBC}") = "Day10", "Day10\Day10.csproj", "{3FC7607C-8EBD-42E1-B3C8-0F2BB98F40EE}"
EndProject
Global
	GlobalSection(SolutionConfigurationPlatforms) = preSolution
		Debug|Any CPU = Debug|Any CPU
		Debug|x64 = Debug|x64
		Release|Any CPU = Release|Any CPU
		Release|x64 = Release|x64
	EndGlobalSection
	GlobalSection(ProjectConfigurationPlatforms) = postSolution
		{2B043DA0-EA56-4071-B9ED-741ECC7168DD}.Debug|Any CPU.ActiveCfg = Debug|Any CPU
		{2B043DA0-EA56-4071-B9ED-741ECC7168DD}.Debug|Any CPU.Build.0 = Debug|Any CPU
		{2B043DA0-EA56-4071-B9ED-741ECC7168DD}.Debug|x64.ActiveCfg = Debug|x64
		{2B043DA0-EA56-4071-B9ED-741ECC7168DD}.Debug|x64.Build.0 = Debug|x64
		{2B043DA0-EA56-4071-B9ED-741ECC7168DD}.Release|Any CPU.ActiveCfg = Release|Any CPU
		{2B043DA0-EA56-4071-B9ED-741ECC7168DD}.Release|Any CPU.Build.0 = Release|Any CPU
		{2B043DA0-EA56-4071-B9ED-741ECC7168DD}.Release|x64.ActiveCfg = Release|x64
		{2B043DA0-EA56-4071-B9ED-741ECC7168DD}.Release|x64.Build.0 = Release|x64
		{02DB5A82-7A5D-4157-A850-B6E98E22E0AF}.Debug|Any CPU.ActiveCfg = Debug|Any CPU
		{02DB5A82-7A5D-4157-A850-B6E98E22E0AF}.Debug|Any CPU.Build.0 = Debug|Any CPU
		{02DB5A82-7A5D-4157-A850-B6E98E22E0AF}.Debug|x64.ActiveCfg = Debug|x64
		{02DB5A82-7A5D-4157-A850-B6E98E22E0AF}.Debug|x64.Build.0 = Debug|x64
		{02DB5A82-7A5D-4157-A850-B6E98E22E0AF}.Release|Any CPU.ActiveCfg = Release|Any CPU
		{02DB5A82-7A5D-4157-A850-B6E98E22E0AF}.Release|Any CPU.Build.0 = Release|Any CPU
		{02DB5A82-7A5D-4157-A850-B6E98E22E0AF}.Release|x64.ActiveCfg = Release|x64
		{02DB5A82-7A5D-4157-A850-B6E98E22E0AF}.Release|x64.Build.0 = Release|x64
		{0D3A293D-B532-41D8-80EC-2E00C8C3DD42}.Debug|Any CPU.ActiveCfg = Debug|Any CPU
		{0D3A293D-B532-41D8-80EC-2E00C8C3DD42}.Debug|Any CPU.Build.0 = Debug|Any CPU
		{0D3A293D-B532-41D8-80EC-2E00C8C3DD42}.Debug|x64.ActiveCfg = Debug|x64
		{0D3A293D-B532-41D8-80EC-2E00C8C3DD42}.Debug|x64.Build.0 = Debug|x64
		{0D3A293D-B532-41D8-80EC-2E00C8C3DD42}.Release|Any CPU.ActiveCfg = Release|Any CPU
		{0D3A293D-B532-41D8-80EC-2E00C8C3DD42}.Release|Any CPU.Build.0 = Release|Any CPU
		{0D3A293D-B532-41D8-80EC-2E00C8C3DD42}.Release|x64.ActiveCfg = Release|x64
		{0D3A293D-B532-41D8-80EC-2E00C8C3DD42}.Release|x64.Build.0 = Release|x64
		{2E82F579-6D8B-4901-AD4A-8D5015F8A7FE}.Debug|Any CPU.ActiveCfg = Debug|Any CPU
		{2E82F579-6D8B-4901-AD4A-8D5015F8A7FE}.Debug|Any CPU.Build.0 = Debug|Any CPU
		{2E82F579-6D8B-4901-AD4A-8D5015F8A7FE}.Debug|x64.ActiveCfg = Debug|x64
		{2E82F579-6D8B-4901-AD4A-8D5015F8A7FE}.Debug|x64.Build.0 = Debug|x64
		{2E82F579-6D8B-4901-AD4A-8D5015F8A7FE}.Release|Any CPU.ActiveCfg = Release|Any CPU
		{2E82F579-6D8B-4901-AD4A-8D5015F8A7FE}.Release|Any CPU.Build.0 = Release|Any CPU
		{2E82F579-6D8B-4901-AD4A-8D5015F8A7FE}.Release|x64.ActiveCfg = Release|x64
		{2E82F579-6D8B-4901-AD4A-8D5015F8A7FE}.Release|x64.Build.0 = Release|x64
		{5BE21460-3103-413C-858D-37276B62B32A}.Debug|Any CPU.ActiveCfg = Debug|Any CPU
		{5BE21460-3103-413C-858D-37276B62B32A}.Debug|Any CPU.Build.0 = Debug|Any CPU
		{5BE21460-3103-413C-858D-37276B62B32A}.Debug|x64.ActiveCfg = Debug|x64
		{5BE21460-3103-413C-858D-37276B62B32A}.Debug|x64.Build.0 = Debug|x64
		{5BE21460-3103-413C-858D-37276B62B32A}.Release|Any CPU.ActiveCfg = Release|Any CPU
		{5BE21460-3103-413C-858D-37276B62B32A}.Release|Any CPU.Build.0 = Release|Any CPU
		{5BE21460-3103-413C-858D-37276B62B32A}.Release|x64.ActiveCfg = Release|x64
		{5BE21460-3103-413C-858D-37276B62B32A}.Release|x64.Build.0 = Release|x64
		{9592008E-A576-407F-A7E3-E30CF1BCD3D7}.Debug|Any CPU.ActiveCfg = Debug|Any CPU
		{9592008E-A576-407F-A7E3-E30CF1BCD3D7}.Debug|Any CPU.Build.0 = Debug|Any CPU
		{9592008E-A576-407F-A7E3-E30CF1BCD3D7}.Debug|x64.ActiveCfg = Debug|Any CPU
		{9592008E-A576-407F-A7E3-E30CF1BCD3D7}.Debug|x64.Build.0 = Debug|Any CPU
		{9592008E-A576-407F-A7E3-E30CF1BCD3D7}.Release|Any CPU.ActiveCfg = Release|Any CPU
		{9592008E-A576-407F-A7E3-E30CF1BCD3D7}.Release|Any CPU.Build.0 = Release|Any CPU
		{9592008E-A576-407F-A7E3-E30CF1BCD3D7}.Release|x64.ActiveCfg = Release|Any CPU
		{9592008E-A576-407F-A7E3-E30CF1BCD3D7}.Release|x64.Build.0 = Release|Any CPU
		{D25B5164-EE67-449A-B1FA-91F0FB904427}.Debug|Any CPU.ActiveCfg = Debug|Any CPU
		{D25B5164-EE67-449A-B1FA-91F0FB904427}.Debug|Any CPU.Build.0 = Debug|Any CPU
		{D25B5164-EE67-449A-B1FA-91F0FB904427}.Debug|x64.ActiveCfg = Debug|Any CPU
		{D25B5164-EE67-449A-B1FA-91F0FB904427}.Debug|x64.Build.0 = Debug|Any CPU
		{D25B5164-EE67-449A-B1FA-91F0FB904427}.Release|Any CPU.ActiveCfg = Release|Any CPU
		{D25B5164-EE67-449A-B1FA-91F0FB904427}.Release|Any CPU.Build.0 = Release|Any CPU
		{D25B5164-EE67-449A-B1FA-91F0FB904427}.Release|x64.ActiveCfg = Release|Any CPU
		{D25B5164-EE67-449A-B1FA-91F0FB904427}.Release|x64.Build.0 = Release|Any CPU
		{D68D4D53-840C-4D6F-97E6-49C2BE545E93}.Debug|Any CPU.ActiveCfg = Debug|Any CPU
		{D68D4D53-840C-4D6F-97E6-49C2BE545E93}.Debug|Any CPU.Build.0 = Debug|Any CPU
		{D68D4D53-840C-4D6F-97E6-49C2BE545E93}.Debug|x64.ActiveCfg = Debug|Any CPU
		{D68D4D53-840C-4D6F-97E6-49C2BE545E93}.Debug|x64.Build.0 = Debug|Any CPU
		{D68D4D53-840C-4D6F-97E6-49C2BE545E93}.Release|Any CPU.ActiveCfg = Release|Any CPU
		{D68D4D53-840C-4D6F-97E6-49C2BE545E93}.Release|Any CPU.Build.0 = Release|Any CPU
		{D68D4D53-840C-4D6F-97E6-49C2BE545E93}.Release|x64.ActiveCfg = Release|Any CPU
		{D68D4D53-840C-4D6F-97E6-49C2BE545E93}.Release|x64.Build.0 = Release|Any CPU
		{AFF24F83-1DFA-44D1-964E-A0185FC11BA6}.Debug|Any CPU.ActiveCfg = Debug|Any CPU
		{AFF24F83-1DFA-44D1-964E-A0185FC11BA6}.Debug|Any CPU.Build.0 = Debug|Any CPU
		{AFF24F83-1DFA-44D1-964E-A0185FC11BA6}.Debug|x64.ActiveCfg = Debug|Any CPU
		{AFF24F83-1DFA-44D1-964E-A0185FC11BA6}.Debug|x64.Build.0 = Debug|Any CPU
		{AFF24F83-1DFA-44D1-964E-A0185FC11BA6}.Release|Any CPU.ActiveCfg = Release|Any CPU
		{AFF24F83-1DFA-44D1-964E-A0185FC11BA6}.Release|Any CPU.Build.0 = Release|Any CPU
		{AFF24F83-1DFA-44D1-964E-A0185FC11BA6}.Release|x64.ActiveCfg = Release|Any CPU
		{AFF24F83-1DFA-44D1-964E-A0185FC11BA6}.Release|x64.Build.0 = Release|Any CPU
		{3FC7607C-8EBD-42E1-B3C8-0F2BB98F40EE}.Debug|Any CPU.ActiveCfg = Debug|Any CPU
		{3FC7607C-8EBD-42E1-B3C8-0F2BB98F40EE}.Debug|Any CPU.Build.0 = Debug|Any CPU
		{3FC7607C-8EBD-42E1-B3C8-0F2BB98F40EE}.Debug|x64.ActiveCfg = Debug|Any CPU
		{3FC7607C-8EBD-42E1-B3C8-0F2BB98F40EE}.Debug|x64.Build.0 = Debug|Any CPU
		{3FC7607C-8EBD-42E1-B3C8-0F2BB98F40EE}.Release|Any CPU.ActiveCfg = Release|Any CPU
		{3FC7607C-8EBD-42E1-B3C8-0F2BB98F40EE}.Release|Any CPU.Build.0 = Release|Any CPU
		{3FC7607C-8EBD-42E1-B3C8-0F2BB98F40EE}.Release|x64.ActiveCfg = Release|Any CPU
		{3FC7607C-8EBD-42E1-B3C8-0F2BB98F40EE}.Release|x64.Build.0 = Release|Any CPU
	EndGlobalSection
	GlobalSection(SolutionProperties) = preSolution
		HideSolutionNode = FALSE
	EndGlobalSection
	GlobalSection(ExtensibilityGlobals) = postSolution
		SolutionGuid = {5DB67EE0-AEDA-4A02-8011-1F3F15E245B4}
	EndGlobalSection
EndGlobal
